
Microsoft Visual Studio Solution File, Format Version 12.00
# Visual Studio Version 17
VisualStudioVersion = 17.7.34202.233
MinimumVisualStudioVersion = 10.0.40219.1
Project("{FAE04EC0-301F-11D3-BF4B-00C04F79EFBC}") = "DebuggerHandbook", "DebuggerHandbook.csproj", "{048B6CA8-368D-4580-AE14-028AC38E795F}"
EndProject
Global
	GlobalSection(SolutionConfigurationPlatforms) = preSolution
		Debug|Any CPU = Debug|Any CPU
		Release|Any CPU = Release|Any CPU
	EndGlobalSection
	GlobalSection(ProjectConfigurationPlatforms) = postSolution
		{048B6CA8-368D-4580-AE14-028AC38E795F}.Debug|Any CPU.ActiveCfg = Debug|Any CPU
		{048B6CA8-368D-4580-AE14-028AC38E795F}.Debug|Any CPU.Build.0 = Debug|Any CPU
		{048B6CA8-368D-4580-AE14-028AC38E795F}.Release|Any CPU.ActiveCfg = Release|Any CPU
		{048B6CA8-368D-4580-AE14-028AC38E795F}.Release|Any CPU.Build.0 = Release|Any CPU
	EndGlobalSection
	GlobalSection(SolutionProperties) = preSolution
		HideSolutionNode = FALSE
	EndGlobalSection
	GlobalSection(ExtensibilityGlobals) = postSolution
		SolutionGuid = {B9E847F4-4532-42FE-B653-4297508BC15C}
	EndGlobalSection
EndGlobal
